// !$*UTF8*$!
{
	archiveVersion = 1;
	classes = {
	};
	objectVersion = 51;
	objects = {

/* Begin PBXBuildFile section */
		3FC9FEF04E44DEB8AD2311E2 /* Pods_Weather365.framework in Frameworks */ = {isa = PBXBuildFile; fileRef = B40F015F8C63927E1451AD25 /* Pods_Weather365.framework */; };
		B3027BB7242AF22000171131 /* AllCitiesTableViewController.swift in Sources */ = {isa = PBXBuildFile; fileRef = B3027BB6242AF22000171131 /* AllCitiesTableViewController.swift */; };
		B3027BBB242AFC3300171131 /* CurrentWeather.swift in Sources */ = {isa = PBXBuildFile; fileRef = B3027BBA242AFC3300171131 /* CurrentWeather.swift */; };
		B308931D241862FD00538769 /* AppDelegate.swift in Sources */ = {isa = PBXBuildFile; fileRef = B308931C241862FD00538769 /* AppDelegate.swift */; };
		B308931F241862FD00538769 /* SceneDelegate.swift in Sources */ = {isa = PBXBuildFile; fileRef = B308931E241862FD00538769 /* SceneDelegate.swift */; };
		B3089321241862FD00538769 /* ViewController.swift in Sources */ = {isa = PBXBuildFile; fileRef = B3089320241862FD00538769 /* ViewController.swift */; };
		B3089324241862FD00538769 /* Main.storyboard in Resources */ = {isa = PBXBuildFile; fileRef = B3089322241862FD00538769 /* Main.storyboard */; };
		B3089326241862FE00538769 /* Assets.xcassets in Resources */ = {isa = PBXBuildFile; fileRef = B3089325241862FE00538769 /* Assets.xcassets */; };
		B3089329241862FE00538769 /* LaunchScreen.storyboard in Resources */ = {isa = PBXBuildFile; fileRef = B3089327241862FE00538769 /* LaunchScreen.storyboard */; };
		B317C92C2429F0B300ADA25F /* ForecastModel.swift in Sources */ = {isa = PBXBuildFile; fileRef = B317C92B2429F0B300ADA25F /* ForecastModel.swift */; };
		B3FD06502421B7D6007E3073 /* AddCityViewController.swift in Sources */ = {isa = PBXBuildFile; fileRef = B3FD064F2421B7D6007E3073 /* AddCityViewController.swift */; };
		B3FD06542421BA84007E3073 /* LocationModel.swift in Sources */ = {isa = PBXBuildFile; fileRef = B3FD06532421BA84007E3073 /* LocationModel.swift */; };
		B3FD06562421BCB4007E3073 /* Constants.swift in Sources */ = {isa = PBXBuildFile; fileRef = B3FD06552421BCB4007E3073 /* Constants.swift */; };
/* End PBXBuildFile section */

/* Begin PBXFileReference section */
		28C4F7B35E61E09971AD32D5 /* Pods-Weather365.release.xcconfig */ = {isa = PBXFileReference; includeInIndex = 1; lastKnownFileType = text.xcconfig; name = "Pods-Weather365.release.xcconfig"; path = "Target Support Files/Pods-Weather365/Pods-Weather365.release.xcconfig"; sourceTree = "<group>"; };
		5F3634FA9136328C8AB43F20 /* Pods-Weather365.debug.xcconfig */ = {isa = PBXFileReference; includeInIndex = 1; lastKnownFileType = text.xcconfig; name = "Pods-Weather365.debug.xcconfig"; path = "Target Support Files/Pods-Weather365/Pods-Weather365.debug.xcconfig"; sourceTree = "<group>"; };
		B3027BB6242AF22000171131 /* AllCitiesTableViewController.swift */ = {isa = PBXFileReference; lastKnownFileType = sourcecode.swift; path = AllCitiesTableViewController.swift; sourceTree = "<group>"; };
		B3027BBA242AFC3300171131 /* CurrentWeather.swift */ = {isa = PBXFileReference; lastKnownFileType = sourcecode.swift; path = CurrentWeather.swift; sourceTree = "<group>"; };
		B3089319241862FD00538769 /* Weather365.app */ = {isa = PBXFileReference; explicitFileType = wrapper.application; includeInIndex = 0; path = Weather365.app; sourceTree = BUILT_PRODUCTS_DIR; };
		B308931C241862FD00538769 /* AppDelegate.swift */ = {isa = PBXFileReference; lastKnownFileType = sourcecode.swift; path = AppDelegate.swift; sourceTree = "<group>"; };
		B308931E241862FD00538769 /* SceneDelegate.swift */ = {isa = PBXFileReference; lastKnownFileType = sourcecode.swift; path = SceneDelegate.swift; sourceTree = "<group>"; };
		B3089320241862FD00538769 /* ViewController.swift */ = {isa = PBXFileReference; lastKnownFileType = sourcecode.swift; path = ViewController.swift; sourceTree = "<group>"; };
		B3089323241862FD00538769 /* Base */ = {isa = PBXFileReference; lastKnownFileType = file.storyboard; name = Base; path = Base.lproj/Main.storyboard; sourceTree = "<group>"; };
		B3089325241862FE00538769 /* Assets.xcassets */ = {isa = PBXFileReference; lastKnownFileType = folder.assetcatalog; path = Assets.xcassets; sourceTree = "<group>"; };
		B3089328241862FE00538769 /* Base */ = {isa = PBXFileReference; lastKnownFileType = file.storyboard; name = Base; path = Base.lproj/LaunchScreen.storyboard; sourceTree = "<group>"; };
		B308932A241862FE00538769 /* Info.plist */ = {isa = PBXFileReference; lastKnownFileType = text.plist.xml; path = Info.plist; sourceTree = "<group>"; };
		B317C92B2429F0B300ADA25F /* ForecastModel.swift */ = {isa = PBXFileReference; lastKnownFileType = sourcecode.swift; path = ForecastModel.swift; sourceTree = "<group>"; };
		B3FD064F2421B7D6007E3073 /* AddCityViewController.swift */ = {isa = PBXFileReference; lastKnownFileType = sourcecode.swift; path = AddCityViewController.swift; sourceTree = "<group>"; };
		B3FD06532421BA84007E3073 /* LocationModel.swift */ = {isa = PBXFileReference; lastKnownFileType = sourcecode.swift; path = LocationModel.swift; sourceTree = "<group>"; };
		B3FD06552421BCB4007E3073 /* Constants.swift */ = {isa = PBXFileReference; lastKnownFileType = sourcecode.swift; path = Constants.swift; sourceTree = "<group>"; };
		B40F015F8C63927E1451AD25 /* Pods_Weather365.framework */ = {isa = PBXFileReference; explicitFileType = wrapper.framework; includeInIndex = 0; path = Pods_Weather365.framework; sourceTree = BUILT_PRODUCTS_DIR; };
/* End PBXFileReference section */

/* Begin PBXFrameworksBuildPhase section */
		B3089316241862FD00538769 /* Frameworks */ = {
			isa = PBXFrameworksBuildPhase;
			buildActionMask = 2147483647;
			files = (
				3FC9FEF04E44DEB8AD2311E2 /* Pods_Weather365.framework in Frameworks */,
			);
			runOnlyForDeploymentPostprocessing = 0;
		};
/* End PBXFrameworksBuildPhase section */

/* Begin PBXGroup section */
		AB2737F85D2B52B8177AC3F3 /* Frameworks */ = {
			isa = PBXGroup;
			children = (
				B40F015F8C63927E1451AD25 /* Pods_Weather365.framework */,
			);
			name = Frameworks;
			sourceTree = "<group>";
		};
		B15BAB02659234F2E4D8D1A9 /* Pods */ = {
			isa = PBXGroup;
			children = (
				5F3634FA9136328C8AB43F20 /* Pods-Weather365.debug.xcconfig */,
				28C4F7B35E61E09971AD32D5 /* Pods-Weather365.release.xcconfig */,
			);
			path = Pods;
			sourceTree = "<group>";
		};
		B3089310241862FD00538769 = {
			isa = PBXGroup;
			children = (
				B308931B241862FD00538769 /* Weather365 */,
				B308931A241862FD00538769 /* Products */,
				B15BAB02659234F2E4D8D1A9 /* Pods */,
				AB2737F85D2B52B8177AC3F3 /* Frameworks */,
			);
			sourceTree = "<group>";
		};
		B308931A241862FD00538769 /* Products */ = {
			isa = PBXGroup;
			children = (
				B3089319241862FD00538769 /* Weather365.app */,
			);
			name = Products;
			sourceTree = "<group>";
		};
		B308931B241862FD00538769 /* Weather365 */ = {
			isa = PBXGroup;
			children = (
				B308931C241862FD00538769 /* AppDelegate.swift */,
				B308931E241862FD00538769 /* SceneDelegate.swift */,
				B3089320241862FD00538769 /* ViewController.swift */,
				B3089322241862FD00538769 /* Main.storyboard */,
				B3089325241862FE00538769 /* Assets.xcassets */,
				B3089327241862FE00538769 /* LaunchScreen.storyboard */,
				B308932A241862FE00538769 /* Info.plist */,
				B3FD064F2421B7D6007E3073 /* AddCityViewController.swift */,
				B3FD06532421BA84007E3073 /* LocationModel.swift */,
				B3FD06552421BCB4007E3073 /* Constants.swift */,
				B317C92B2429F0B300ADA25F /* ForecastModel.swift */,
				B3027BB6242AF22000171131 /* AllCitiesTableViewController.swift */,
				B3027BBA242AFC3300171131 /* CurrentWeather.swift */,
			);
			path = Weather365;
			sourceTree = "<group>";
		};
/* End PBXGroup section */

/* Begin PBXNativeTarget section */
		B3089318241862FD00538769 /* Weather365 */ = {
			isa = PBXNativeTarget;
			buildConfigurationList = B308932D241862FE00538769 /* Build configuration list for PBXNativeTarget "Weather365" */;
			buildPhases = (
				35CC4616EA6ACA6D2CC2446F /* [CP] Check Pods Manifest.lock */,
				B3089315241862FD00538769 /* Sources */,
				B3089316241862FD00538769 /* Frameworks */,
				B3089317241862FD00538769 /* Resources */,
				8F4377229807F41EFD610CAF /* [CP] Embed Pods Frameworks */,
			);
			buildRules = (
			);
			dependencies = (
			);
			name = Weather365;
			productName = Weather365;
			productReference = B3089319241862FD00538769 /* Weather365.app */;
			productType = "com.apple.product-type.application";
		};
/* End PBXNativeTarget section */

/* Begin PBXProject section */
		B3089311241862FD00538769 /* Project object */ = {
			isa = PBXProject;
			attributes = {
				LastSwiftUpdateCheck = 1130;
				LastUpgradeCheck = 1130;
				ORGANIZATIONNAME = "xinrui wang";
				TargetAttributes = {
					B3089318241862FD00538769 = {
						CreatedOnToolsVersion = 11.3.1;
					};
				};
			};
			buildConfigurationList = B3089314241862FD00538769 /* Build configuration list for PBXProject "Weather365" */;
			compatibilityVersion = "Xcode 9.3";
			developmentRegion = en;
			hasScannedForEncodings = 0;
			knownRegions = (
				en,
				Base,
			);
			mainGroup = B3089310241862FD00538769;
			productRefGroup = B308931A241862FD00538769 /* Products */;
			projectDirPath = "";
			projectRoot = "";
			targets = (
				B3089318241862FD00538769 /* Weather365 */,
			);
		};
/* End PBXProject section */

/* Begin PBXResourcesBuildPhase section */
		B3089317241862FD00538769 /* Resources */ = {
			isa = PBXResourcesBuildPhase;
			buildActionMask = 2147483647;
			files = (
				B3089329241862FE00538769 /* LaunchScreen.storyboard in Resources */,
				B3089326241862FE00538769 /* Assets.xcassets in Resources */,
				B3089324241862FD00538769 /* Main.storyboard in Resources */,
			);
			runOnlyForDeploymentPostprocessing = 0;
		};
/* End PBXResourcesBuildPhase section */

/* Begin PBXShellScriptBuildPhase section */
		35CC4616EA6ACA6D2CC2446F /* [CP] Check Pods Manifest.lock */ = {
			isa = PBXShellScriptBuildPhase;
			buildActionMask = 2147483647;
			files = (
			);
			inputFileListPaths = (
			);
			inputPaths = (
				"${PODS_PODFILE_DIR_PATH}/Podfile.lock",
				"${PODS_ROOT}/Manifest.lock",
			);
			name = "[CP] Check Pods Manifest.lock";
			outputFileListPaths = (
			);
			outputPaths = (
				"$(DERIVED_FILE_DIR)/Pods-Weather365-checkManifestLockResult.txt",
			);
			runOnlyForDeploymentPostprocessing = 0;
			shellPath = /bin/sh;
			shellScript = "diff \"${PODS_PODFILE_DIR_PATH}/Podfile.lock\" \"${PODS_ROOT}/Manifest.lock\" > /dev/null\nif [ $? != 0 ] ; then\n    # print error to STDERR\n    echo \"error: The sandbox is not in sync with the Podfile.lock. Run 'pod install' or update your CocoaPods installation.\" >&2\n    exit 1\nfi\n# This output is used by Xcode 'outputs' to avoid re-running this script phase.\necho \"SUCCESS\" > \"${SCRIPT_OUTPUT_FILE_0}\"\n";
			showEnvVarsInLog = 0;
		};
		8F4377229807F41EFD610CAF /* [CP] Embed Pods Frameworks */ = {
			isa = PBXShellScriptBuildPhase;
			buildActionMask = 2147483647;
			files = (
			);
			inputFileListPaths = (
				"${PODS_ROOT}/Target Support Files/Pods-Weather365/Pods-Weather365-frameworks-${CONFIGURATION}-input-files.xcfilelist",
			);
			name = "[CP] Embed Pods Frameworks";
			outputFileListPaths = (
				"${PODS_ROOT}/Target Support Files/Pods-Weather365/Pods-Weather365-frameworks-${CONFIGURATION}-output-files.xcfilelist",
			);
			runOnlyForDeploymentPostprocessing = 0;
			shellPath = /bin/sh;
			shellScript = "\"${PODS_ROOT}/Target Support Files/Pods-Weather365/Pods-Weather365-frameworks.sh\"\n";
			showEnvVarsInLog = 0;
		};
/* End PBXShellScriptBuildPhase section */

/* Begin PBXSourcesBuildPhase section */
		B3089315241862FD00538769 /* Sources */ = {
			isa = PBXSourcesBuildPhase;
			buildActionMask = 2147483647;
			files = (
				B3089321241862FD00538769 /* ViewController.swift in Sources */,
				B308931D241862FD00538769 /* AppDelegate.swift in Sources */,
				B308931F241862FD00538769 /* SceneDelegate.swift in Sources */,
				B3FD06502421B7D6007E3073 /* AddCityViewController.swift in Sources */,
				B3027BBB242AFC3300171131 /* CurrentWeather.swift in Sources */,
				B3FD06542421BA84007E3073 /* LocationModel.swift in Sources */,
				B3FD06562421BCB4007E3073 /* Constants.swift in Sources */,
				B3027BB7242AF22000171131 /* AllCitiesTableViewController.swift in Sources */,
				B317C92C2429F0B300ADA25F /* ForecastModel.swift in Sources */,
			);
			runOnlyForDeploymentPostprocessing = 0;
		};
/* End PBXSourcesBuildPhase section */

/* Begin PBXVariantGroup section */
		B3089322241862FD00538769 /* Main.storyboard */ = {
			isa = PBXVariantGroup;
			children = (
				B3089323241862FD00538769 /* Base */,
			);
			name = Main.storyboard;
			sourceTree = "<group>";
		};
		B3089327241862FE00538769 /* LaunchScreen.storyboard */ = {
			isa = PBXVariantGroup;
			children = (
				B3089328241862FE00538769 /* Base */,
			);
			name = LaunchScreen.storyboard;
			sourceTree = "<group>";
		};
/* End PBXVariantGroup section */

/* Begin XCBuildConfiguration section */
		B308932B241862FE00538769 /* Debug */ = {
			isa = XCBuildConfiguration;
			buildSettings = {
				ALWAYS_SEARCH_USER_PATHS = NO;
				CLANG_ANALYZER_NONNULL = YES;
				CLANG_ANALYZER_NUMBER_OBJECT_CONVERSION = YES_AGGRESSIVE;
				CLANG_CXX_LANGUAGE_STANDARD = "gnu++14";
				CLANG_CXX_LIBRARY = "libc++";
				CLANG_ENABLE_MODULES = YES;
				CLANG_ENABLE_OBJC_ARC = YES;
				CLANG_ENABLE_OBJC_WEAK = YES;
				CLANG_WARN_BLOCK_CAPTURE_AUTORELEASING = YES;
				CLANG_WARN_BOOL_CONVERSION = YES;
				CLANG_WARN_COMMA = YES;
				CLANG_WARN_CONSTANT_CONVERSION = YES;
				CLANG_WARN_DEPRECATED_OBJC_IMPLEMENTATIONS = YES;
				CLANG_WARN_DIRECT_OBJC_ISA_USAGE = YES_ERROR;
				CLANG_WARN_DOCUMENTATION_COMMENTS = YES;
				CLANG_WARN_EMPTY_BODY = YES;
				CLANG_WARN_ENUM_CONVERSION = YES;
				CLANG_WARN_INFINITE_RECURSION = YES;
				CLANG_WARN_INT_CONVERSION = YES;
				CLANG_WARN_NON_LITERAL_NULL_CONVERSION = YES;
				CLANG_WARN_OBJC_IMPLICIT_RETAIN_SELF = YES;
				CLANG_WARN_OBJC_LITERAL_CONVERSION = YES;
				CLANG_WARN_OBJC_ROOT_CLASS = YES_ERROR;
				CLANG_WARN_RANGE_LOOP_ANALYSIS = YES;
				CLANG_WARN_STRICT_PROTOTYPES = YES;
				CLANG_WARN_SUSPICIOUS_MOVE = YES;
				CLANG_WARN_UNGUARDED_AVAILABILITY = YES_AGGRESSIVE;
				CLANG_WARN_UNREACHABLE_CODE = YES;
				CLANG_WARN__DUPLICATE_METHOD_MATCH = YES;
				COPY_PHASE_STRIP = NO;
				DEBUG_INFORMATION_FORMAT = dwarf;
				ENABLE_STRICT_OBJC_MSGSEND = YES;
				ENABLE_TESTABILITY = YES;
				GCC_C_LANGUAGE_STANDARD = gnu11;
				GCC_DYNAMIC_NO_PIC = NO;
				GCC_NO_COMMON_BLOCKS = YES;
				GCC_OPTIMIZATION_LEVEL = 0;
				GCC_PREPROCESSOR_DEFINITIONS = (
					"DEBUG=1",
					"$(inherited)",
				);
				GCC_WARN_64_TO_32_BIT_CONVERSION = YES;
				GCC_WARN_ABOUT_RETURN_TYPE = YES_ERROR;
				GCC_WARN_UNDECLARED_SELECTOR = YES;
				GCC_WARN_UNINITIALIZED_AUTOS = YES_AGGRESSIVE;
				GCC_WARN_UNUSED_FUNCTION = YES;
				GCC_WARN_UNUSED_VARIABLE = YES;
				IPHONEOS_DEPLOYMENT_TARGET = 13.2;
				MTL_ENABLE_DEBUG_INFO = INCLUDE_SOURCE;
				MTL_FAST_MATH = YES;
				ONLY_ACTIVE_ARCH = YES;
				SDKROOT = iphoneos;
				SWIFT_ACTIVE_COMPILATION_CONDITIONS = DEBUG;
				SWIFT_OPTIMIZATION_LEVEL = "-Onone";
			};
			name = Debug;
		};
		B308932C241862FE00538769 /* Release */ = {
			isa = XCBuildConfiguration;
			buildSettings = {
				ALWAYS_SEARCH_USER_PATHS = NO;
				CLANG_ANALYZER_NONNULL = YES;
				CLANG_ANALYZER_NUMBER_OBJECT_CONVERSION = YES_AGGRESSIVE;
				CLANG_CXX_LANGUAGE_STANDARD = "gnu++14";
				CLANG_CXX_LIBRARY = "libc++";
				CLANG_ENABLE_MODULES = YES;
				CLANG_ENABLE_OBJC_ARC = YES;
				CLANG_ENABLE_OBJC_WEAK = YES;
				CLANG_WARN_BLOCK_CAPTURE_AUTORELEASING = YES;
				CLANG_WARN_BOOL_CONVERSION = YES;
				CLANG_WARN_COMMA = YES;
				CLANG_WARN_CONSTANT_CONVERSION = YES;
				CLANG_WARN_DEPRECATED_OBJC_IMPLEMENTATIONS = YES;
				CLANG_WARN_DIRECT_OBJC_ISA_USAGE = YES_ERROR;
				CLANG_WARN_DOCUMENTATION_COMMENTS = YES;
				CLANG_WARN_EMPTY_BODY = YES;
				CLANG_WARN_ENUM_CONVERSION = YES;
				CLANG_WARN_INFINITE_RECURSION = YES;
				CLANG_WARN_INT_CONVERSION = YES;
				CLANG_WARN_NON_LITERAL_NULL_CONVERSION = YES;
				CLANG_WARN_OBJC_IMPLICIT_RETAIN_SELF = YES;
				CLANG_WARN_OBJC_LITERAL_CONVERSION = YES;
				CLANG_WARN_OBJC_ROOT_CLASS = YES_ERROR;
				CLANG_WARN_RANGE_LOOP_ANALYSIS = YES;
				CLANG_WARN_STRICT_PROTOTYPES = YES;
				CLANG_WARN_SUSPICIOUS_MOVE = YES;
				CLANG_WARN_UNGUARDED_AVAILABILITY = YES_AGGRESSIVE;
				CLANG_WARN_UNREACHABLE_CODE = YES;
				CLANG_WARN__DUPLICATE_METHOD_MATCH = YES;
				COPY_PHASE_STRIP = NO;
				DEBUG_INFORMATION_FORMAT = "dwarf-with-dsym";
				ENABLE_NS_ASSERTIONS = NO;
				ENABLE_STRICT_OBJC_MSGSEND = YES;
				GCC_C_LANGUAGE_STANDARD = gnu11;
				GCC_NO_COMMON_BLOCKS = YES;
				GCC_WARN_64_TO_32_BIT_CONVERSION = YES;
				GCC_WARN_ABOUT_RETURN_TYPE = YES_ERROR;
				GCC_WARN_UNDECLARED_SELECTOR = YES;
				GCC_WARN_UNINITIALIZED_AUTOS = YES_AGGRESSIVE;
				GCC_WARN_UNUSED_FUNCTION = YES;
				GCC_WARN_UNUSED_VARIABLE = YES;
				IPHONEOS_DEPLOYMENT_TARGET = 13.2;
				MTL_ENABLE_DEBUG_INFO = NO;
				MTL_FAST_MATH = YES;
				SDKROOT = iphoneos;
				SWIFT_COMPILATION_MODE = wholemodule;
				SWIFT_OPTIMIZATION_LEVEL = "-O";
				VALIDATE_PRODUCT = YES;
			};
			name = Release;
		};
		B308932E241862FE00538769 /* Debug */ = {
			isa = XCBuildConfiguration;
			baseConfigurationReference = 5F3634FA9136328C8AB43F20 /* Pods-Weather365.debug.xcconfig */;
			buildSettings = {
				ASSETCATALOG_COMPILER_APPICON_NAME = AppIcon;
				CODE_SIGN_STYLE = Automatic;
				INFOPLIST_FILE = Weather365/Info.plist;
				LD_RUNPATH_SEARCH_PATHS = (
					"$(inherited)",
					"@executable_path/Frameworks",
				);
				PRODUCT_BUNDLE_IDENTIFIER = edu.Northeastern.XinruiWang.Weather365;
				PRODUCT_NAME = "$(TARGET_NAME)";
				SWIFT_VERSION = 5.0;
				TARGETED_DEVICE_FAMILY = "1,2";
			};
			name = Debug;
		};
		B308932F241862FE00538769 /* Release */ = {
			isa = XCBuildConfiguration;
			baseConfigurationReference = 28C4F7B35E61E09971AD32D5 /* Pods-Weather365.release.xcconfig */;
			buildSettings = {
				ASSETCATALOG_COMPILER_APPICON_NAME = AppIcon;
				CODE_SIGN_STYLE = Automatic;
				INFOPLIST_FILE = Weather365/Info.plist;
				LD_RUNPATH_SEARCH_PATHS = (
					"$(inherited)",
					"@executable_path/Frameworks",
				);
				PRODUCT_BUNDLE_IDENTIFIER = edu.Northeastern.XinruiWang.Weather365;
				PRODUCT_NAME = "$(TARGET_NAME)";
				SWIFT_VERSION = 5.0;
				TARGETED_DEVICE_FAMILY = "1,2";
			};
			name = Release;
		};
/* End XCBuildConfiguration section */

/* Begin XCConfigurationList section */
		B3089314241862FD00538769 /* Build configuration list for PBXProject "Weather365" */ = {
			isa = XCConfigurationList;
			buildConfigurations = (
				B308932B241862FE00538769 /* Debug */,
				B308932C241862FE00538769 /* Release */,
			);
			defaultConfigurationIsVisible = 0;
			defaultConfigurationName = Release;
		};
		B308932D241862FE00538769 /* Build configuration list for PBXNativeTarget "Weather365" */ = {
			isa = XCConfigurationList;
			buildConfigurations = (
				B308932E241862FE00538769 /* Debug */,
				B308932F241862FE00538769 /* Release */,
			);
			defaultConfigurationIsVisible = 0;
			defaultConfigurationName = Release;
		};
/* End XCConfigurationList section */
	};
	rootObject = B3089311241862FD00538769 /* Project object */;
}
